
Microsoft Visual Studio Solution File, Format Version 12.00
# Visual Studio Version 17
VisualStudioVersion = 17.4.33213.308
MinimumVisualStudioVersion = 10.0.40219.1
Project("{FAE04EC0-301F-11D3-BF4B-00C04F79EFBC}") = "CarouselDemo", "CarouselDemo\CarouselDemo.csproj", "{6ECA7AE5-4A81-4302-BE00-EF7ED0FF3D97}"
EndProject
Global
	GlobalSection(SolutionConfigurationPlatforms) = preSolution
		Debug|Any CPU = Debug|Any CPU
		Release|Any CPU = Release|Any CPU
	EndGlobalSection
	GlobalSection(ProjectConfigurationPlatforms) = postSolution
		{6ECA7AE5-4A81-4302-BE00-EF7ED0FF3D97}.Debug|Any CPU.ActiveCfg = Debug|Any CPU
		{6ECA7AE5-4A81-4302-BE00-EF7ED0FF3D97}.Debug|Any CPU.Build.0 = Debug|Any CPU
		{6ECA7AE5-4A81-4302-BE00-EF7ED0FF3D97}.Release|Any CPU.ActiveCfg = Release|Any CPU
		{6ECA7AE5-4A81-4302-BE00-EF7ED0FF3D97}.Release|Any CPU.Build.0 = Release|Any CPU
	EndGlobalSection
	GlobalSection(SolutionProperties) = preSolution
		HideSolutionNode = FALSE
	EndGlobalSection
	GlobalSection(ExtensibilityGlobals) = postSolution
		SolutionGuid = {F3D87DC6-C785-4206-A85B-BC13FCB89CB8}
	EndGlobalSection
EndGlobal
